{
    "_readme": [
        "This file locks the dependencies of your project to a known state",
        "Read more about it at https://getcomposer.org/doc/01-basic-usage.md#installing-dependencies",
        "This file is @generated automatically"
    ],
    "content-hash": "3080bc75dee1b023ce00ce626501df7f",
    "packages": [
        {
            "name": "epii/log",
            "version": "0.0.8",
            "source": {
                "type": "git",
                "url": "https://github.com/epaii/epii-php-log.git",
                "reference": "f16fcf50ad0111383755a76dc1a91245de3320df"
            },
            "dist": {
                "type": "zip",
                "url": "https://api.github.com/repos/epaii/epii-php-log/zipball/f16fcf50ad0111383755a76dc1a91245de3320df",
                "reference": "f16fcf50ad0111383755a76dc1a91245de3320df",
                "shasum": ""
            },
            "require": {
                "php": ">=5.3"
            },
            "type": "library",
            "autoload": {
                "psr-4": {
                    "epii\\log\\": "src/"
                }
            },
            "notification-url": "https://packagist.org/downloads/",
            "license": [
                "MIT"
            ],
            "authors": [
                {
                    "name": "MrRen Epii",
                    "email": "543169072@qq.com"
                }
            ],
            "description": "简单的日志记录，支持 直接输出,文件记录，远程接口，socket 方式",
            "support": {
                "issues": "https://github.com/epaii/epii-php-log/issues",
                "source": "https://github.com/epaii/epii-php-log/tree/0.0.8"
            },
            "time": "2019-07-13T05:44:57+00:00"
        },
        {
            "name": "scrivo/highlight.php",
            "version": "v9.18.1.6",
            "source": {
                "type": "git",
                "url": "https://github.com/scrivo/highlight.php.git",
                "reference": "44a3d4136edb5ad8551590bf90f437db80b2d466"
            },
            "dist": {
                "type": "zip",
                "url": "https://api.github.com/repos/scrivo/highlight.php/zipball/44a3d4136edb5ad8551590bf90f437db80b2d466",
                "reference": "44a3d4136edb5ad8551590bf90f437db80b2d466",
                "shasum": ""
            },
            "require": {
                "ext-json": "*",
                "ext-mbstring": "*",
                "php": ">=5.4"
            },
            "require-dev": {
                "phpunit/phpunit": "^4.8|^5.7",
                "sabberworm/php-css-parser": "^8.3",
                "symfony/finder": "^2.8|^3.4",
                "symfony/var-dumper": "^2.8|^3.4"
            },
            "type": "library",
            "autoload": {
                "psr-0": {
                    "Highlight\\": "",
                    "HighlightUtilities\\": ""
                },
                "files": [
                    "HighlightUtilities/functions.php"
                ]
            },
            "notification-url": "https://packagist.org/downloads/",
            "license": [
                "BSD-3-Clause"
            ],
            "authors": [
                {
                    "name": "Geert Bergman",
                    "homepage": "http://www.scrivo.org/",
                    "role": "Project Author"
                },
                {
                    "name": "Vladimir Jimenez",
                    "homepage": "https://allejo.io",
                    "role": "Maintainer"
                },
                {
                    "name": "Martin Folkers",
                    "homepage": "https://twobrain.io",
                    "role": "Contributor"
                }
            ],
            "description": "Server side syntax highlighter that supports 185 languages. It's a PHP port of highlight.js",
            "keywords": [
                "code",
                "highlight",
                "highlight.js",
                "highlight.php",
                "syntax"
            ],
            "support": {
                "issues": "https://github.com/scrivo/highlight.php/issues",
                "source": "https://github.com/scrivo/highlight.php"
            },
            "funding": [
                {
                    "url": "https://github.com/allejo",
                    "type": "github"
                }
            ],
            "time": "2020-12-22T19:20:29+00:00"
        }
    ],
    "packages-dev": [],
    "aliases": [],
    "minimum-stability": "stable",
    "stability-flags": [],
    "prefer-stable": false,
    "prefer-lowest": false,
    "platform": [],
    "platform-dev": [],
    "plugin-api-version": "2.0.0"
}
